
Microsoft Visual Studio Solution File, Format Version 12.00
# Visual Studio 15
VisualStudioVersion = 15.0.28010.2016
MinimumVisualStudioVersion = 10.0.40219.1
Project("{FAE04EC0-301F-11D3-BF4B-00C04F79EFBC}") = "Cubi.Remote.Winforms", "Cubi.Remote\Cubi.Remote.Winforms.csproj", "{C98F43B4-8B61-45BD-9271-4FBD4DDA876C}"
EndProject
Project("{FAE04EC0-301F-11D3-BF4B-00C04F79EFBC}") = "Cubi.Remote.Logic", "Cubi.Remote.Logic\Cubi.Remote.Logic.csproj", "{4961CBCD-9E1B-440A-9971-12744F1673CD}"
EndProject
Global
	GlobalSection(SolutionConfigurationPlatforms) = preSolution
		Debug|Any CPU = Debug|Any CPU
		Release|Any CPU = Release|Any CPU
	EndGlobalSection
	GlobalSection(ProjectConfigurationPlatforms) = postSolution
		{C98F43B4-8B61-45BD-9271-4FBD4DDA876C}.Debug|Any CPU.ActiveCfg = Debug|Any CPU
		{C98F43B4-8B61-45BD-9271-4FBD4DDA876C}.Debug|Any CPU.Build.0 = Debug|Any CPU
		{C98F43B4-8B61-45BD-9271-4FBD4DDA876C}.Release|Any CPU.ActiveCfg = Release|Any CPU
		{C98F43B4-8B61-45BD-9271-4FBD4DDA876C}.Release|Any CPU.Build.0 = Release|Any CPU
		{4961CBCD-9E1B-440A-9971-12744F1673CD}.Debug|Any CPU.ActiveCfg = Debug|Any CPU
		{4961CBCD-9E1B-440A-9971-12744F1673CD}.Debug|Any CPU.Build.0 = Debug|Any CPU
		{4961CBCD-9E1B-440A-9971-12744F1673CD}.Release|Any CPU.ActiveCfg = Release|Any CPU
		{4961CBCD-9E1B-440A-9971-12744F1673CD}.Release|Any CPU.Build.0 = Release|Any CPU
	EndGlobalSection
	GlobalSection(SolutionProperties) = preSolution
		HideSolutionNode = FALSE
	EndGlobalSection
	GlobalSection(ExtensibilityGlobals) = postSolution
		SolutionGuid = {1CB1AF1E-4122-4D1A-AE3F-4649A764586C}
	EndGlobalSection
EndGlobal
